
Microsoft Visual Studio Solution File, Format Version 12.00
# Visual Studio Version 17
VisualStudioVersion = 17.12.35506.116 d17.12
MinimumVisualStudioVersion = 10.0.40219.1
Project("{FAE04EC0-301F-11D3-BF4B-00C04F79EFBC}") = "BlazorVercel", "BlazorVercel.csproj", "{651A00B9-2689-4ADA-AAE6-7BEC96AA610A}"
EndProject
Global
	GlobalSection(SolutionConfigurationPlatforms) = preSolution
		Debug|Any CPU = Debug|Any CPU
		Release|Any CPU = Release|Any CPU
	EndGlobalSection
	GlobalSection(ProjectConfigurationPlatforms) = postSolution
		{651A00B9-2689-4ADA-AAE6-7BEC96AA610A}.Debug|Any CPU.ActiveCfg = Debug|Any CPU
		{651A00B9-2689-4ADA-AAE6-7BEC96AA610A}.Debug|Any CPU.Build.0 = Debug|Any CPU
		{651A00B9-2689-4ADA-AAE6-7BEC96AA610A}.Release|Any CPU.ActiveCfg = Release|Any CPU
		{651A00B9-2689-4ADA-AAE6-7BEC96AA610A}.Release|Any CPU.Build.0 = Release|Any CPU
	EndGlobalSection
	GlobalSection(SolutionProperties) = preSolution
		HideSolutionNode = FALSE
	EndGlobalSection
EndGlobal
